// !$*UTF8*$!
{
	archiveVersion = 1;
	classes = {
	};
	objectVersion = 63;
	objects = {

/* Begin PBXBuildFile section */
		3A3709962BEB038200AA7B51 /* AccessTokenView.swift in Sources */ = {isa = PBXBuildFile; fileRef = 3A3709952BEB038200AA7B51 /* AccessTokenView.swift */; };
		3A5441332BCDF10900385131 /* ContentView.swift in Sources */ = {isa = PBXBuildFile; fileRef = 3A5441322BCDF10900385131 /* ContentView.swift */; };
		3A5441352BCDF10B00385131 /* Assets.xcassets in Resources */ = {isa = PBXBuildFile; fileRef = 3A5441342BCDF10B00385131 /* Assets.xcassets */; };
		3A5441382BCDF10B00385131 /* Preview Assets.xcassets in Resources */ = {isa = PBXBuildFile; fileRef = 3A5441372BCDF10B00385131 /* Preview Assets.xcassets */; };
		3A5441422BCDF10B00385131 /* PingExampleTests.swift in Sources */ = {isa = PBXBuildFile; fileRef = 3A5441412BCDF10B00385131 /* PingExampleTests.swift */; };
		3A54414C2BCDF10B00385131 /* PingExampleUITests.swift in Sources */ = {isa = PBXBuildFile; fileRef = 3A54414B2BCDF10B00385131 /* PingExampleUITests.swift */; };
		3A54414E2BCDF10B00385131 /* PingExampleUITestsLaunchTests.swift in Sources */ = {isa = PBXBuildFile; fileRef = 3A54414D2BCDF10B00385131 /* PingExampleUITestsLaunchTests.swift */; };
		3A8092F42BE99F0F00AD667F /* CustomViews.swift in Sources */ = {isa = PBXBuildFile; fileRef = 3A8092F32BE99F0F00AD667F /* CustomViews.swift */; };
		3A8532332BE2D5D800F8619D /* DavinciView.swift in Sources */ = {isa = PBXBuildFile; fileRef = 3A8532322BE2D5D800F8619D /* DavinciView.swift */; };
		3ACD90E12BE586BC00DABCE6 /* DavinciViewModel.swift in Sources */ = {isa = PBXBuildFile; fileRef = 3ACD90E02BE586BC00DABCE6 /* DavinciViewModel.swift */; };
		A5560CA02CFE4EDA0076CA8D /* PingDavinci.framework in Frameworks */ = {isa = PBXBuildFile; fileRef = A57A091A2CE511E7006F0CBB /* PingDavinci.framework */; };
		A5560CA12CFE4EDA0076CA8D /* PingDavinci.framework in Embed Frameworks */ = {isa = PBXBuildFile; fileRef = A57A091A2CE511E7006F0CBB /* PingDavinci.framework */; settings = {ATTRIBUTES = (CodeSignOnCopy, RemoveHeadersOnCopy, ); }; };
		A5560CA22CFE4EDA0076CA8D /* PingLogger.framework in Frameworks */ = {isa = PBXBuildFile; fileRef = A57A08FA2CE50D51006F0CBB /* PingLogger.framework */; };
		A5560CA32CFE4EDA0076CA8D /* PingLogger.framework in Embed Frameworks */ = {isa = PBXBuildFile; fileRef = A57A08FA2CE50D51006F0CBB /* PingLogger.framework */; settings = {ATTRIBUTES = (CodeSignOnCopy, RemoveHeadersOnCopy, ); }; };
		A5560CA42CFE4EDA0076CA8D /* PingOidc.framework in Frameworks */ = {isa = PBXBuildFile; fileRef = A57A09122CE51162006F0CBB /* PingOidc.framework */; };
		A5560CA52CFE4EDA0076CA8D /* PingOidc.framework in Embed Frameworks */ = {isa = PBXBuildFile; fileRef = A57A09122CE51162006F0CBB /* PingOidc.framework */; settings = {ATTRIBUTES = (CodeSignOnCopy, RemoveHeadersOnCopy, ); }; };
		A5560CA62CFE4EDA0076CA8D /* PingOrchestrate.framework in Frameworks */ = {isa = PBXBuildFile; fileRef = A57A090A2CE50FA5006F0CBB /* PingOrchestrate.framework */; };
		A5560CA72CFE4EDA0076CA8D /* PingOrchestrate.framework in Embed Frameworks */ = {isa = PBXBuildFile; fileRef = A57A090A2CE50FA5006F0CBB /* PingOrchestrate.framework */; settings = {ATTRIBUTES = (CodeSignOnCopy, RemoveHeadersOnCopy, ); }; };
		A5560CA82CFE4EDA0076CA8D /* PingStorage.framework in Frameworks */ = {isa = PBXBuildFile; fileRef = A57A09022CE50EF1006F0CBB /* PingStorage.framework */; };
		A5560CA92CFE4EDA0076CA8D /* PingStorage.framework in Embed Frameworks */ = {isa = PBXBuildFile; fileRef = A57A09022CE50EF1006F0CBB /* PingStorage.framework */; settings = {ATTRIBUTES = (CodeSignOnCopy, RemoveHeadersOnCopy, ); }; };
		A588D0062BF6A0E500F9052A /* StorageViewModel.swift in Sources */ = {isa = PBXBuildFile; fileRef = A588D0042BF6A0E500F9052A /* StorageViewModel.swift */; };
		A588D0072BF6A0E500F9052A /* LoggerViewModel.swift in Sources */ = {isa = PBXBuildFile; fileRef = A588D0052BF6A0E500F9052A /* LoggerViewModel.swift */; };
		A5A5F80A2D4C644E0053BF24 /* ErrorView.swift in Sources */ = {isa = PBXBuildFile; fileRef = A5A5F7FF2D4C64490053BF24 /* ErrorView.swift */; };
		A5E9AECC2D303428000533ED /* LogOutView.swift in Sources */ = {isa = PBXBuildFile; fileRef = A5E9AEC12D30341E000533ED /* LogOutView.swift */; };
		A5E9AECE2D3037BE000533ED /* AccessTokenViewModel.swift in Sources */ = {isa = PBXBuildFile; fileRef = A5E9AECD2D3037BC000533ED /* AccessTokenViewModel.swift */; };
		A5E9AED02D3037E0000533ED /* UserInfoView.swift in Sources */ = {isa = PBXBuildFile; fileRef = A5E9AECF2D3037DF000533ED /* UserInfoView.swift */; };
		A5E9AED22D30380B000533ED /* UserInfoViewModel.swift in Sources */ = {isa = PBXBuildFile; fileRef = A5E9AED12D303804000533ED /* UserInfoViewModel.swift */; };
		A5E9AED42D30385D000533ED /* LogOutViewModel.swift in Sources */ = {isa = PBXBuildFile; fileRef = A5E9AED32D303858000533ED /* LogOutViewModel.swift */; };
		A5E9AED62D30393F000533ED /* LoggerView.swift in Sources */ = {isa = PBXBuildFile; fileRef = A5E9AED52D30393B000533ED /* LoggerView.swift */; };
		A5E9AED82D303962000533ED /* StorageView.swift in Sources */ = {isa = PBXBuildFile; fileRef = A5E9AED72D30395D000533ED /* StorageView.swift */; };
		A5E9AEDB2D30A020000533ED /* LabelView.swift in Sources */ = {isa = PBXBuildFile; fileRef = A5E9AEDA2D30A01D000533ED /* LabelView.swift */; };
		A5E9AEDD2D30A22A000533ED /* TextView.swift in Sources */ = {isa = PBXBuildFile; fileRef = A5E9AEDC2D30A226000533ED /* TextView.swift */; };
		A5E9AEDF2D30CA34000533ED /* ErrorMessageView.swift in Sources */ = {isa = PBXBuildFile; fileRef = A5E9AEDE2D30CA2C000533ED /* ErrorMessageView.swift */; };
		A5E9AEE12D30D304000533ED /* SubmitButtonView.swift in Sources */ = {isa = PBXBuildFile; fileRef = A5E9AEE02D30D301000533ED /* SubmitButtonView.swift */; };
		A5E9AEE32D318524000533ED /* FlowButtonView.swift in Sources */ = {isa = PBXBuildFile; fileRef = A5E9AEE22D318521000533ED /* FlowButtonView.swift */; };
		A5EFA9772D35F2FA00F771FE /* CheckBoxView.swift in Sources */ = {isa = PBXBuildFile; fileRef = A5EFA96C2D35F2F800F771FE /* CheckBoxView.swift */; };
		A5EFA9792D35F62E00F771FE /* RadioButtonView.swift in Sources */ = {isa = PBXBuildFile; fileRef = A5EFA9782D35F62C00F771FE /* RadioButtonView.swift */; };
		A5EFA97B2D35F6D700F771FE /* DropdownView.swift in Sources */ = {isa = PBXBuildFile; fileRef = A5EFA97A2D35F6D500F771FE /* DropdownView.swift */; };
		A5EFA97D2D35F78800F771FE /* ComboBoxView.swift in Sources */ = {isa = PBXBuildFile; fileRef = A5EFA97C2D35F78700F771FE /* ComboBoxView.swift */; };
		A5EFA97F2D35F88D00F771FE /* PasswordView.swift in Sources */ = {isa = PBXBuildFile; fileRef = A5EFA97E2D35F88C00F771FE /* PasswordView.swift */; };
		A5EFA9812D360ACC00F771FE /* ContinueNodeView.swift in Sources */ = {isa = PBXBuildFile; fileRef = A5EFA9802D360AC800F771FE /* ContinueNodeView.swift */; };
		EC0816BF2D4A832C00F1AD02 /* ConfigurationView.swift in Sources */ = {isa = PBXBuildFile; fileRef = EC0816BE2D4A832C00F1AD02 /* ConfigurationView.swift */; };
		EC0816C12D4A833400F1AD02 /* ConfigurationViewModel.swift in Sources */ = {isa = PBXBuildFile; fileRef = EC0816C02D4A833400F1AD02 /* ConfigurationViewModel.swift */; };
		EC0816C32D4A83E200F1AD02 /* ConfigurationManager.swift in Sources */ = {isa = PBXBuildFile; fileRef = EC0816C22D4A83E200F1AD02 /* ConfigurationManager.swift */; };
		EC92B3882DA02D7400E4246D /* DeviceAuthenticationView.swift in Sources */ = {isa = PBXBuildFile; fileRef = EC92B3792DA02D6400E4246D /* DeviceAuthenticationView.swift */; };
		EC92B38A2DA02D7F00E4246D /* DeviceRegistrationView.swift in Sources */ = {isa = PBXBuildFile; fileRef = EC92B3892DA02D7800E4246D /* DeviceRegistrationView.swift */; };
		EC92B38C2DA039C000E4246D /* AsyncSVGImage.swift in Sources */ = {isa = PBXBuildFile; fileRef = EC92B38B2DA039B700E4246D /* AsyncSVGImage.swift */; };
		EC92B38F2DA03E0700E4246D /* SVGKit in Frameworks */ = {isa = PBXBuildFile; productRef = EC92B38E2DA03E0700E4246D /* SVGKit */; };
		EC92B3912DA03E0700E4246D /* SVGKitSwift in Frameworks */ = {isa = PBXBuildFile; productRef = EC92B3902DA03E0700E4246D /* SVGKitSwift */; };
		EC92B3932DA0422700E4246D /* DeviceCardView.swift in Sources */ = {isa = PBXBuildFile; fileRef = EC92B3922DA0422200E4246D /* DeviceCardView.swift */; };
		ECA53F812D635C10002B35D4 /* PingExternal_idp.framework in Frameworks */ = {isa = PBXBuildFile; fileRef = EC9FA0032D5F4EB300E2A31D /* PingExternal_idp.framework */; };
		ECA53F822D635C10002B35D4 /* PingExternal_idp.framework in Embed Frameworks */ = {isa = PBXBuildFile; fileRef = EC9FA0032D5F4EB300E2A31D /* PingExternal_idp.framework */; settings = {ATTRIBUTES = (CodeSignOnCopy, RemoveHeadersOnCopy, ); }; };
		ECA540BD2D6DD7D6002B35D4 /* AppTrackingTransparency.framework in Frameworks */ = {isa = PBXBuildFile; fileRef = ECA540BC2D6DD7D6002B35D4 /* AppTrackingTransparency.framework */; };
		ECBF06732D5229BC0066A3BD /* PingBrowser.framework in Frameworks */ = {isa = PBXBuildFile; fileRef = EC0816AA2D4A692900F1AD02 /* PingBrowser.framework */; };
		ECBF06742D5229BC0066A3BD /* PingBrowser.framework in Embed Frameworks */ = {isa = PBXBuildFile; fileRef = EC0816AA2D4A692900F1AD02 /* PingBrowser.framework */; settings = {ATTRIBUTES = (CodeSignOnCopy, RemoveHeadersOnCopy, ); }; };
		ECBF06A42D5391690066A3BD /* SocialButtonView.swift in Sources */ = {isa = PBXBuildFile; fileRef = ECBF06A32D5391610066A3BD /* SocialButtonView.swift */; };
/* End PBXBuildFile section */

/* Begin PBXContainerItemProxy section */
		3A54413E2BCDF10B00385131 /* PBXContainerItemProxy */ = {
			isa = PBXContainerItemProxy;
			containerPortal = 3A5441252BCDF10900385131 /* Project object */;
			proxyType = 1;
			remoteGlobalIDString = 3A54412C2BCDF10900385131;
			remoteInfo = PingExample;
		};
		3A5441482BCDF10B00385131 /* PBXContainerItemProxy */ = {
			isa = PBXContainerItemProxy;
			containerPortal = 3A5441252BCDF10900385131 /* Project object */;
			proxyType = 1;
			remoteGlobalIDString = 3A54412C2BCDF10900385131;
			remoteInfo = PingExample;
		};
		A57A08F92CE50D51006F0CBB /* PBXContainerItemProxy */ = {
			isa = PBXContainerItemProxy;
			containerPortal = A588CFEA2BF69F1A00F9052A /* Logger.xcodeproj */;
			proxyType = 2;
			remoteGlobalIDString = A5A796AE2BE04E67004D0F2D;
			remoteInfo = Logger;
		};
		A57A08FB2CE50D51006F0CBB /* PBXContainerItemProxy */ = {
			isa = PBXContainerItemProxy;
			containerPortal = A588CFEA2BF69F1A00F9052A /* Logger.xcodeproj */;
			proxyType = 2;
			remoteGlobalIDString = A5A796B62BE04E68004D0F2D;
			remoteInfo = LoggerTests;
		};
		A57A09012CE50EF1006F0CBB /* PBXContainerItemProxy */ = {
			isa = PBXContainerItemProxy;
			containerPortal = A588CFF92BF69F3300F9052A /* Storage.xcodeproj */;
			proxyType = 2;
			remoteGlobalIDString = A5A796FA2BE1782E004D0F2D;
			remoteInfo = Storage;
		};
		A57A09032CE50EF1006F0CBB /* PBXContainerItemProxy */ = {
			isa = PBXContainerItemProxy;
			containerPortal = A588CFF92BF69F3300F9052A /* Storage.xcodeproj */;
			proxyType = 2;
			remoteGlobalIDString = A5A797042BE1782F004D0F2D;
			remoteInfo = StorageTests;
		};
		A57A09092CE50FA5006F0CBB /* PBXContainerItemProxy */ = {
			isa = PBXContainerItemProxy;
			containerPortal = 3A5442212BCE1F3800385131 /* Orchestrate.xcodeproj */;
			proxyType = 2;
			remoteGlobalIDString = 3A5441742BCDF1D900385131;
			remoteInfo = Orchestrate;
		};
		A57A090B2CE50FA5006F0CBB /* PBXContainerItemProxy */ = {
			isa = PBXContainerItemProxy;
			containerPortal = 3A5442212BCE1F3800385131 /* Orchestrate.xcodeproj */;
			proxyType = 2;
			remoteGlobalIDString = 3A54417E2BCDF1D900385131;
			remoteInfo = OrchestrateTests;
		};
		A57A09112CE51162006F0CBB /* PBXContainerItemProxy */ = {
			isa = PBXContainerItemProxy;
			containerPortal = 3AB1CA1F2BD6F9AD003FCE3C /* Oidc.xcodeproj */;
			proxyType = 2;
			remoteGlobalIDString = 3AB1CA072BD6F99C003FCE3C;
			remoteInfo = Oidc;
		};
		A57A09132CE51162006F0CBB /* PBXContainerItemProxy */ = {
			isa = PBXContainerItemProxy;
			containerPortal = 3AB1CA1F2BD6F9AD003FCE3C /* Oidc.xcodeproj */;
			proxyType = 2;
			remoteGlobalIDString = 3AB1CA0F2BD6F99C003FCE3C;
			remoteInfo = OidcTests;
		};
		A57A09192CE511E7006F0CBB /* PBXContainerItemProxy */ = {
			isa = PBXContainerItemProxy;
			containerPortal = 3A54420F2BCE1F2900385131 /* Davinci.xcodeproj */;
			proxyType = 2;
			remoteGlobalIDString = 3A5441A12BCDF20700385131;
			remoteInfo = Davinci;
		};
		A57A091B2CE511E7006F0CBB /* PBXContainerItemProxy */ = {
			isa = PBXContainerItemProxy;
			containerPortal = 3A54420F2BCE1F2900385131 /* Davinci.xcodeproj */;
			proxyType = 2;
			remoteGlobalIDString = 3A5441A92BCDF20700385131;
			remoteInfo = DavinciTests;
		};
		EC0816A92D4A692900F1AD02 /* PBXContainerItemProxy */ = {
			isa = PBXContainerItemProxy;
			containerPortal = EC0816A12D4A692900F1AD02 /* Browser.xcodeproj */;
			proxyType = 2;
			remoteGlobalIDString = EC0816962D4A68FB00F1AD02;
			remoteInfo = Browser;
		};
		EC9FA0022D5F4EB300E2A31D /* PBXContainerItemProxy */ = {
			isa = PBXContainerItemProxy;
			containerPortal = EC9F9FB62D5E157600E2A31D /* External-idp.xcodeproj */;
			proxyType = 2;
			remoteGlobalIDString = EC0815B72D49377500F1AD02;
			remoteInfo = "External-idp";
		};
		EC9FA0042D5F4EB300E2A31D /* PBXContainerItemProxy */ = {
			isa = PBXContainerItemProxy;
			containerPortal = EC9F9FB62D5E157600E2A31D /* External-idp.xcodeproj */;
			proxyType = 2;
			remoteGlobalIDString = ECB7C6982D5A2C1F0006F1C8;
			remoteInfo = "External-idpTests";
		};
		ECB7C6842D5A24B70006F1C8 /* PBXContainerItemProxy */ = {
			isa = PBXContainerItemProxy;
			containerPortal = EC0816A12D4A692900F1AD02 /* Browser.xcodeproj */;
			proxyType = 2;
			remoteGlobalIDString = ECB7C6692D5A1FAB0006F1C8;
			remoteInfo = PingBrowserTests;
		};
/* End PBXContainerItemProxy section */

/* Begin PBXCopyFilesBuildPhase section */
		3A203D872BDB1A900020C995 /* Embed Frameworks */ = {
			isa = PBXCopyFilesBuildPhase;
			buildActionMask = 2147483647;
			dstPath = "";
			dstSubfolderSpec = 10;
			files = (
				ECBF06742D5229BC0066A3BD /* PingBrowser.framework in Embed Frameworks */,
				A5560CA32CFE4EDA0076CA8D /* PingLogger.framework in Embed Frameworks */,
				A5560CA52CFE4EDA0076CA8D /* PingOidc.framework in Embed Frameworks */,
				A5560CA12CFE4EDA0076CA8D /* PingDavinci.framework in Embed Frameworks */,
				A5560CA92CFE4EDA0076CA8D /* PingStorage.framework in Embed Frameworks */,
				A5560CA72CFE4EDA0076CA8D /* PingOrchestrate.framework in Embed Frameworks */,
				ECA53F822D635C10002B35D4 /* PingExternal_idp.framework in Embed Frameworks */,
			);
			name = "Embed Frameworks";
			runOnlyForDeploymentPostprocessing = 0;
		};
/* End PBXCopyFilesBuildPhase section */

/* Begin PBXFileReference section */
		3A3709952BEB038200AA7B51 /* AccessTokenView.swift */ = {isa = PBXFileReference; lastKnownFileType = sourcecode.swift; path = AccessTokenView.swift; sourceTree = "<group>"; };
		3A54412D2BCDF10900385131 /* PingExample.app */ = {isa = PBXFileReference; explicitFileType = wrapper.application; includeInIndex = 0; path = PingExample.app; sourceTree = BUILT_PRODUCTS_DIR; };
		3A5441322BCDF10900385131 /* ContentView.swift */ = {isa = PBXFileReference; lastKnownFileType = sourcecode.swift; path = ContentView.swift; sourceTree = "<group>"; };
		3A5441342BCDF10B00385131 /* Assets.xcassets */ = {isa = PBXFileReference; lastKnownFileType = folder.assetcatalog; path = Assets.xcassets; sourceTree = "<group>"; };
		3A5441372BCDF10B00385131 /* Preview Assets.xcassets */ = {isa = PBXFileReference; lastKnownFileType = folder.assetcatalog; path = "Preview Assets.xcassets"; sourceTree = "<group>"; };
		3A54413D2BCDF10B00385131 /* PingExampleTests.xctest */ = {isa = PBXFileReference; explicitFileType = wrapper.cfbundle; includeInIndex = 0; path = PingExampleTests.xctest; sourceTree = BUILT_PRODUCTS_DIR; };
		3A5441412BCDF10B00385131 /* PingExampleTests.swift */ = {isa = PBXFileReference; lastKnownFileType = sourcecode.swift; path = PingExampleTests.swift; sourceTree = "<group>"; };
		3A5441472BCDF10B00385131 /* PingExampleUITests.xctest */ = {isa = PBXFileReference; explicitFileType = wrapper.cfbundle; includeInIndex = 0; path = PingExampleUITests.xctest; sourceTree = BUILT_PRODUCTS_DIR; };
		3A54414B2BCDF10B00385131 /* PingExampleUITests.swift */ = {isa = PBXFileReference; lastKnownFileType = sourcecode.swift; path = PingExampleUITests.swift; sourceTree = "<group>"; };
		3A54414D2BCDF10B00385131 /* PingExampleUITestsLaunchTests.swift */ = {isa = PBXFileReference; lastKnownFileType = sourcecode.swift; path = PingExampleUITestsLaunchTests.swift; sourceTree = "<group>"; };
		3A54420F2BCE1F2900385131 /* Davinci.xcodeproj */ = {isa = PBXFileReference; lastKnownFileType = "wrapper.pb-project"; name = Davinci.xcodeproj; path = ../../Davinci/Davinci.xcodeproj; sourceTree = "<group>"; };
		3A5442212BCE1F3800385131 /* Orchestrate.xcodeproj */ = {isa = PBXFileReference; lastKnownFileType = "wrapper.pb-project"; name = Orchestrate.xcodeproj; path = ../../Orchestrate/Orchestrate.xcodeproj; sourceTree = "<group>"; };
		3A8092F32BE99F0F00AD667F /* CustomViews.swift */ = {isa = PBXFileReference; lastKnownFileType = sourcecode.swift; path = CustomViews.swift; sourceTree = "<group>"; };
		3A8532322BE2D5D800F8619D /* DavinciView.swift */ = {isa = PBXFileReference; lastKnownFileType = sourcecode.swift; path = DavinciView.swift; sourceTree = "<group>"; };
		3AB1CA1F2BD6F9AD003FCE3C /* Oidc.xcodeproj */ = {isa = PBXFileReference; lastKnownFileType = "wrapper.pb-project"; name = Oidc.xcodeproj; path = ../../Oidc/Oidc.xcodeproj; sourceTree = "<group>"; };
		3ACD90E02BE586BC00DABCE6 /* DavinciViewModel.swift */ = {isa = PBXFileReference; lastKnownFileType = sourcecode.swift; path = DavinciViewModel.swift; sourceTree = "<group>"; };
		A588CFEA2BF69F1A00F9052A /* Logger.xcodeproj */ = {isa = PBXFileReference; lastKnownFileType = "wrapper.pb-project"; name = Logger.xcodeproj; path = ../../Logger/Logger.xcodeproj; sourceTree = "<group>"; };
		A588CFF92BF69F3300F9052A /* Storage.xcodeproj */ = {isa = PBXFileReference; lastKnownFileType = "wrapper.pb-project"; name = Storage.xcodeproj; path = ../../Storage/Storage.xcodeproj; sourceTree = "<group>"; };
		A588D0042BF6A0E500F9052A /* StorageViewModel.swift */ = {isa = PBXFileReference; fileEncoding = 4; lastKnownFileType = sourcecode.swift; path = StorageViewModel.swift; sourceTree = "<group>"; };
		A588D0052BF6A0E500F9052A /* LoggerViewModel.swift */ = {isa = PBXFileReference; fileEncoding = 4; lastKnownFileType = sourcecode.swift; path = LoggerViewModel.swift; sourceTree = "<group>"; };
		A5A5F7FF2D4C64490053BF24 /* ErrorView.swift */ = {isa = PBXFileReference; lastKnownFileType = sourcecode.swift; path = ErrorView.swift; sourceTree = "<group>"; };
		A5E9AEC12D30341E000533ED /* LogOutView.swift */ = {isa = PBXFileReference; lastKnownFileType = sourcecode.swift; path = LogOutView.swift; sourceTree = "<group>"; };
		A5E9AECD2D3037BC000533ED /* AccessTokenViewModel.swift */ = {isa = PBXFileReference; lastKnownFileType = sourcecode.swift; path = AccessTokenViewModel.swift; sourceTree = "<group>"; };
		A5E9AECF2D3037DF000533ED /* UserInfoView.swift */ = {isa = PBXFileReference; lastKnownFileType = sourcecode.swift; path = UserInfoView.swift; sourceTree = "<group>"; };
		A5E9AED12D303804000533ED /* UserInfoViewModel.swift */ = {isa = PBXFileReference; lastKnownFileType = sourcecode.swift; path = UserInfoViewModel.swift; sourceTree = "<group>"; };
		A5E9AED32D303858000533ED /* LogOutViewModel.swift */ = {isa = PBXFileReference; lastKnownFileType = sourcecode.swift; path = LogOutViewModel.swift; sourceTree = "<group>"; };
		A5E9AED52D30393B000533ED /* LoggerView.swift */ = {isa = PBXFileReference; lastKnownFileType = sourcecode.swift; path = LoggerView.swift; sourceTree = "<group>"; };
		A5E9AED72D30395D000533ED /* StorageView.swift */ = {isa = PBXFileReference; lastKnownFileType = sourcecode.swift; path = StorageView.swift; sourceTree = "<group>"; };
		A5E9AEDA2D30A01D000533ED /* LabelView.swift */ = {isa = PBXFileReference; lastKnownFileType = sourcecode.swift; path = LabelView.swift; sourceTree = "<group>"; };
		A5E9AEDC2D30A226000533ED /* TextView.swift */ = {isa = PBXFileReference; lastKnownFileType = sourcecode.swift; path = TextView.swift; sourceTree = "<group>"; };
		A5E9AEDE2D30CA2C000533ED /* ErrorMessageView.swift */ = {isa = PBXFileReference; lastKnownFileType = sourcecode.swift; path = ErrorMessageView.swift; sourceTree = "<group>"; };
		A5E9AEE02D30D301000533ED /* SubmitButtonView.swift */ = {isa = PBXFileReference; lastKnownFileType = sourcecode.swift; path = SubmitButtonView.swift; sourceTree = "<group>"; };
		A5E9AEE22D318521000533ED /* FlowButtonView.swift */ = {isa = PBXFileReference; lastKnownFileType = sourcecode.swift; path = FlowButtonView.swift; sourceTree = "<group>"; };
		A5EFA96C2D35F2F800F771FE /* CheckBoxView.swift */ = {isa = PBXFileReference; lastKnownFileType = sourcecode.swift; path = CheckBoxView.swift; sourceTree = "<group>"; };
		A5EFA9782D35F62C00F771FE /* RadioButtonView.swift */ = {isa = PBXFileReference; lastKnownFileType = sourcecode.swift; path = RadioButtonView.swift; sourceTree = "<group>"; };
		A5EFA97A2D35F6D500F771FE /* DropdownView.swift */ = {isa = PBXFileReference; lastKnownFileType = sourcecode.swift; path = DropdownView.swift; sourceTree = "<group>"; };
		A5EFA97C2D35F78700F771FE /* ComboBoxView.swift */ = {isa = PBXFileReference; lastKnownFileType = sourcecode.swift; path = ComboBoxView.swift; sourceTree = "<group>"; };
		A5EFA97E2D35F88C00F771FE /* PasswordView.swift */ = {isa = PBXFileReference; lastKnownFileType = sourcecode.swift; path = PasswordView.swift; sourceTree = "<group>"; };
		A5EFA9802D360AC800F771FE /* ContinueNodeView.swift */ = {isa = PBXFileReference; lastKnownFileType = sourcecode.swift; path = ContinueNodeView.swift; sourceTree = "<group>"; };
		EC0816A12D4A692900F1AD02 /* Browser.xcodeproj */ = {isa = PBXFileReference; lastKnownFileType = "wrapper.pb-project"; name = Browser.xcodeproj; path = ../../Browser/Browser.xcodeproj; sourceTree = SOURCE_ROOT; };
		EC0816BE2D4A832C00F1AD02 /* ConfigurationView.swift */ = {isa = PBXFileReference; lastKnownFileType = sourcecode.swift; path = ConfigurationView.swift; sourceTree = "<group>"; };
		EC0816C02D4A833400F1AD02 /* ConfigurationViewModel.swift */ = {isa = PBXFileReference; lastKnownFileType = sourcecode.swift; path = ConfigurationViewModel.swift; sourceTree = "<group>"; };
		EC0816C22D4A83E200F1AD02 /* ConfigurationManager.swift */ = {isa = PBXFileReference; lastKnownFileType = sourcecode.swift; path = ConfigurationManager.swift; sourceTree = "<group>"; };
		EC92B3792DA02D6400E4246D /* DeviceAuthenticationView.swift */ = {isa = PBXFileReference; lastKnownFileType = sourcecode.swift; path = DeviceAuthenticationView.swift; sourceTree = "<group>"; };
		EC92B3892DA02D7800E4246D /* DeviceRegistrationView.swift */ = {isa = PBXFileReference; lastKnownFileType = sourcecode.swift; path = DeviceRegistrationView.swift; sourceTree = "<group>"; };
		EC92B38B2DA039B700E4246D /* AsyncSVGImage.swift */ = {isa = PBXFileReference; lastKnownFileType = sourcecode.swift; path = AsyncSVGImage.swift; sourceTree = "<group>"; };
		EC92B3922DA0422200E4246D /* DeviceCardView.swift */ = {isa = PBXFileReference; lastKnownFileType = sourcecode.swift; path = DeviceCardView.swift; sourceTree = "<group>"; };
		EC9F9FB62D5E157600E2A31D /* External-idp.xcodeproj */ = {isa = PBXFileReference; lastKnownFileType = "wrapper.pb-project"; name = "External-idp.xcodeproj"; path = "../../External-idp/External-idp.xcodeproj"; sourceTree = SOURCE_ROOT; };
		ECA540222D660859002B35D4 /* PingExample.entitlements */ = {isa = PBXFileReference; lastKnownFileType = text.plist.entitlements; path = PingExample.entitlements; sourceTree = "<group>"; };
		ECA540BC2D6DD7D6002B35D4 /* AppTrackingTransparency.framework */ = {isa = PBXFileReference; lastKnownFileType = wrapper.framework; name = AppTrackingTransparency.framework; path = System/Library/Frameworks/AppTrackingTransparency.framework; sourceTree = SDKROOT; };
		ECB7C5D02D562FAC0006F1C8 /* Info.plist */ = {isa = PBXFileReference; lastKnownFileType = text.plist; path = Info.plist; sourceTree = "<group>"; };
		ECBF06A32D5391610066A3BD /* SocialButtonView.swift */ = {isa = PBXFileReference; lastKnownFileType = sourcecode.swift; path = SocialButtonView.swift; sourceTree = "<group>"; };
/* End PBXFileReference section */

/* Begin PBXFrameworksBuildPhase section */
		3A54412A2BCDF10900385131 /* Frameworks */ = {
			isa = PBXFrameworksBuildPhase;
			buildActionMask = 2147483647;
			files = (
				ECBF06732D5229BC0066A3BD /* PingBrowser.framework in Frameworks */,
				ECA540BD2D6DD7D6002B35D4 /* AppTrackingTransparency.framework in Frameworks */,
				EC92B3912DA03E0700E4246D /* SVGKitSwift in Frameworks */,
				A5560CA22CFE4EDA0076CA8D /* PingLogger.framework in Frameworks */,
				A5560CA42CFE4EDA0076CA8D /* PingOidc.framework in Frameworks */,
				A5560CA02CFE4EDA0076CA8D /* PingDavinci.framework in Frameworks */,
				A5560CA82CFE4EDA0076CA8D /* PingStorage.framework in Frameworks */,
				EC92B38F2DA03E0700E4246D /* SVGKit in Frameworks */,
				A5560CA62CFE4EDA0076CA8D /* PingOrchestrate.framework in Frameworks */,
				ECA53F812D635C10002B35D4 /* PingExternal_idp.framework in Frameworks */,
			);
			runOnlyForDeploymentPostprocessing = 0;
		};
		3A54413A2BCDF10B00385131 /* Frameworks */ = {
			isa = PBXFrameworksBuildPhase;
			buildActionMask = 2147483647;
			files = (
			);
			runOnlyForDeploymentPostprocessing = 0;
		};
		3A5441442BCDF10B00385131 /* Frameworks */ = {
			isa = PBXFrameworksBuildPhase;
			buildActionMask = 2147483647;
			files = (
			);
			runOnlyForDeploymentPostprocessing = 0;
		};
/* End PBXFrameworksBuildPhase section */

/* Begin PBXGroup section */
		3A5441242BCDF10900385131 = {
			isa = PBXGroup;
			children = (
				EC9F9FB62D5E157600E2A31D /* External-idp.xcodeproj */,
				EC0816A12D4A692900F1AD02 /* Browser.xcodeproj */,
				A588CFEA2BF69F1A00F9052A /* Logger.xcodeproj */,
				A588CFF92BF69F3300F9052A /* Storage.xcodeproj */,
				3A5442212BCE1F3800385131 /* Orchestrate.xcodeproj */,
				3AB1CA1F2BD6F9AD003FCE3C /* Oidc.xcodeproj */,
				3A54420F2BCE1F2900385131 /* Davinci.xcodeproj */,
				3A54412F2BCDF10900385131 /* PingExample */,
				3A5441402BCDF10B00385131 /* PingExampleTests */,
				3A54414A2BCDF10B00385131 /* PingExampleUITests */,
				3A54412E2BCDF10900385131 /* Products */,
				3A5441642BCDF17600385131 /* Frameworks */,
			);
			sourceTree = "<group>";
		};
		3A54412E2BCDF10900385131 /* Products */ = {
			isa = PBXGroup;
			children = (
				3A54412D2BCDF10900385131 /* PingExample.app */,
				3A54413D2BCDF10B00385131 /* PingExampleTests.xctest */,
				3A5441472BCDF10B00385131 /* PingExampleUITests.xctest */,
			);
			name = Products;
			sourceTree = "<group>";
		};
		3A54412F2BCDF10900385131 /* PingExample */ = {
			isa = PBXGroup;
			children = (
				ECA540222D660859002B35D4 /* PingExample.entitlements */,
				ECB7C5D02D562FAC0006F1C8 /* Info.plist */,
				A5E9AED92D309FEF000533ED /* Collectors */,
				3A3709952BEB038200AA7B51 /* AccessTokenView.swift */,
				A5E9AECD2D3037BC000533ED /* AccessTokenViewModel.swift */,
				3A5441322BCDF10900385131 /* ContentView.swift */,
				EC92B38B2DA039B700E4246D /* AsyncSVGImage.swift */,
				A5EFA9802D360AC800F771FE /* ContinueNodeView.swift */,
				3A8092F32BE99F0F00AD667F /* CustomViews.swift */,
				3A8532322BE2D5D800F8619D /* DavinciView.swift */,
				3ACD90E02BE586BC00DABCE6 /* DavinciViewModel.swift */,
				A5A5F7FF2D4C64490053BF24 /* ErrorView.swift */,
				A5E9AED52D30393B000533ED /* LoggerView.swift */,
				A588D0052BF6A0E500F9052A /* LoggerViewModel.swift */,
				A5E9AEC12D30341E000533ED /* LogOutView.swift */,
				A5E9AED32D303858000533ED /* LogOutViewModel.swift */,
				A5E9AED72D30395D000533ED /* StorageView.swift */,
				A588D0042BF6A0E500F9052A /* StorageViewModel.swift */,
				A5E9AECF2D3037DF000533ED /* UserInfoView.swift */,
				A5E9AED12D303804000533ED /* UserInfoViewModel.swift */,
				EC0816BE2D4A832C00F1AD02 /* ConfigurationView.swift */,
				EC0816C02D4A833400F1AD02 /* ConfigurationViewModel.swift */,
				EC0816C22D4A83E200F1AD02 /* ConfigurationManager.swift */,
				3A5441342BCDF10B00385131 /* Assets.xcassets */,
				3A5441362BCDF10B00385131 /* Preview Content */,
			);
			path = PingExample;
			sourceTree = "<group>";
		};
		3A5441362BCDF10B00385131 /* Preview Content */ = {
			isa = PBXGroup;
			children = (
				3A5441372BCDF10B00385131 /* Preview Assets.xcassets */,
			);
			path = "Preview Content";
			sourceTree = "<group>";
		};
		3A5441402BCDF10B00385131 /* PingExampleTests */ = {
			isa = PBXGroup;
			children = (
				3A5441412BCDF10B00385131 /* PingExampleTests.swift */,
			);
			path = PingExampleTests;
			sourceTree = "<group>";
		};
		3A54414A2BCDF10B00385131 /* PingExampleUITests */ = {
			isa = PBXGroup;
			children = (
				3A54414B2BCDF10B00385131 /* PingExampleUITests.swift */,
				3A54414D2BCDF10B00385131 /* PingExampleUITestsLaunchTests.swift */,
			);
			path = PingExampleUITests;
			sourceTree = "<group>";
		};
		3A5441642BCDF17600385131 /* Frameworks */ = {
			isa = PBXGroup;
			children = (
				ECA540BC2D6DD7D6002B35D4 /* AppTrackingTransparency.framework */,
			);
			name = Frameworks;
			sourceTree = "<group>";
		};
		A57A08F52CE50D51006F0CBB /* Products */ = {
			isa = PBXGroup;
			children = (
				A57A08FA2CE50D51006F0CBB /* PingLogger.framework */,
				A57A08FC2CE50D51006F0CBB /* LoggerTests.xctest */,
			);
			name = Products;
			sourceTree = "<group>";
		};
		A57A08FD2CE50EF1006F0CBB /* Products */ = {
			isa = PBXGroup;
			children = (
				A57A09022CE50EF1006F0CBB /* PingStorage.framework */,
				A57A09042CE50EF1006F0CBB /* StorageTests.xctest */,
			);
			name = Products;
			sourceTree = "<group>";
		};
		A57A09052CE50FA5006F0CBB /* Products */ = {
			isa = PBXGroup;
			children = (
				A57A090A2CE50FA5006F0CBB /* PingOrchestrate.framework */,
				A57A090C2CE50FA5006F0CBB /* OrchestrateTests.xctest */,
			);
			name = Products;
			sourceTree = "<group>";
		};
		A57A090D2CE51162006F0CBB /* Products */ = {
			isa = PBXGroup;
			children = (
				A57A09122CE51162006F0CBB /* PingOidc.framework */,
				A57A09142CE51162006F0CBB /* OidcTests.xctest */,
			);
			name = Products;
			sourceTree = "<group>";
		};
		A57A09152CE511E7006F0CBB /* Products */ = {
			isa = PBXGroup;
			children = (
				A57A091A2CE511E7006F0CBB /* PingDavinci.framework */,
				A57A091C2CE511E7006F0CBB /* DavinciTests.xctest */,
			);
			name = Products;
			sourceTree = "<group>";
		};
		A5E9AED92D309FEF000533ED /* Collectors */ = {
			isa = PBXGroup;
			children = (
				A5EFA96C2D35F2F800F771FE /* CheckBoxView.swift */,
				A5EFA97C2D35F78700F771FE /* ComboBoxView.swift */,
				EC92B3792DA02D6400E4246D /* DeviceAuthenticationView.swift */,
				EC92B3922DA0422200E4246D /* DeviceCardView.swift */,
				EC92B3892DA02D7800E4246D /* DeviceRegistrationView.swift */,
				A5EFA97A2D35F6D500F771FE /* DropdownView.swift */,
				A5E9AEDE2D30CA2C000533ED /* ErrorMessageView.swift */,
				A5E9AEE22D318521000533ED /* FlowButtonView.swift */,
				A5E9AEDA2D30A01D000533ED /* LabelView.swift */,
				A5EFA97E2D35F88C00F771FE /* PasswordView.swift */,
				A5EFA9782D35F62C00F771FE /* RadioButtonView.swift */,
				ECBF06A32D5391610066A3BD /* SocialButtonView.swift */,
				A5E9AEE02D30D301000533ED /* SubmitButtonView.swift */,
				A5E9AEDC2D30A226000533ED /* TextView.swift */,
			);
			path = Collectors;
			sourceTree = "<group>";
		};
		EC0816A62D4A692900F1AD02 /* Products */ = {
			isa = PBXGroup;
			children = (
				EC0816AA2D4A692900F1AD02 /* PingBrowser.framework */,
				ECB7C6852D5A24B70006F1C8 /* PingBrowserTests.xctest */,
			);
			name = Products;
			sourceTree = "<group>";
		};
		EC9F9FFA2D5F4EB200E2A31D /* Products */ = {
			isa = PBXGroup;
			children = (
				EC9FA0032D5F4EB300E2A31D /* PingExternal_idp.framework */,
				EC9FA0052D5F4EB300E2A31D /* PingExternal-idpTests.xctest */,
			);
			name = Products;
			sourceTree = "<group>";
		};
/* End PBXGroup section */

/* Begin PBXNativeTarget section */
		3A54412C2BCDF10900385131 /* PingExample */ = {
			isa = PBXNativeTarget;
			buildConfigurationList = 3A5441512BCDF10B00385131 /* Build configuration list for PBXNativeTarget "PingExample" */;
			buildPhases = (
				3A5441292BCDF10900385131 /* Sources */,
				3A54412A2BCDF10900385131 /* Frameworks */,
				3A54412B2BCDF10900385131 /* Resources */,
				3A203D872BDB1A900020C995 /* Embed Frameworks */,
			);
			buildRules = (
			);
			dependencies = (
			);
			name = PingExample;
			productName = PingExample;
			productReference = 3A54412D2BCDF10900385131 /* PingExample.app */;
			productType = "com.apple.product-type.application";
		};
		3A54413C2BCDF10B00385131 /* PingExampleTests */ = {
			isa = PBXNativeTarget;
			buildConfigurationList = 3A5441542BCDF10B00385131 /* Build configuration list for PBXNativeTarget "PingExampleTests" */;
			buildPhases = (
				3A5441392BCDF10B00385131 /* Sources */,
				3A54413A2BCDF10B00385131 /* Frameworks */,
				3A54413B2BCDF10B00385131 /* Resources */,
			);
			buildRules = (
			);
			dependencies = (
				3A54413F2BCDF10B00385131 /* PBXTargetDependency */,
			);
			name = PingExampleTests;
			productName = PingExampleTests;
			productReference = 3A54413D2BCDF10B00385131 /* PingExampleTests.xctest */;
			productType = "com.apple.product-type.bundle.unit-test";
		};
		3A5441462BCDF10B00385131 /* PingExampleUITests */ = {
			isa = PBXNativeTarget;
			buildConfigurationList = 3A5441572BCDF10B00385131 /* Build configuration list for PBXNativeTarget "PingExampleUITests" */;
			buildPhases = (
				3A5441432BCDF10B00385131 /* Sources */,
				3A5441442BCDF10B00385131 /* Frameworks */,
				3A5441452BCDF10B00385131 /* Resources */,
			);
			buildRules = (
			);
			dependencies = (
				3A5441492BCDF10B00385131 /* PBXTargetDependency */,
			);
			name = PingExampleUITests;
			productName = PingExampleUITests;
			productReference = 3A5441472BCDF10B00385131 /* PingExampleUITests.xctest */;
			productType = "com.apple.product-type.bundle.ui-testing";
		};
/* End PBXNativeTarget section */

/* Begin PBXProject section */
		3A5441252BCDF10900385131 /* Project object */ = {
			isa = PBXProject;
			attributes = {
				BuildIndependentTargetsInParallel = 1;
				LastSwiftUpdateCheck = 1500;
				LastUpgradeCheck = 1500;
				TargetAttributes = {
					3A54412C2BCDF10900385131 = {
						CreatedOnToolsVersion = 15.0;
					};
					3A54413C2BCDF10B00385131 = {
						CreatedOnToolsVersion = 15.0;
						TestTargetID = 3A54412C2BCDF10900385131;
					};
					3A5441462BCDF10B00385131 = {
						CreatedOnToolsVersion = 15.0;
						TestTargetID = 3A54412C2BCDF10900385131;
					};
				};
			};
			buildConfigurationList = 3A5441282BCDF10900385131 /* Build configuration list for PBXProject "PingExample" */;
			compatibilityVersion = "Xcode 15.3";
			developmentRegion = en;
			hasScannedForEncodings = 0;
			knownRegions = (
				en,
				Base,
			);
			mainGroup = 3A5441242BCDF10900385131;
			packageReferences = (
				EC92B38D2DA03E0700E4246D /* XCRemoteSwiftPackageReference "SVGKit" */,
			);
			productRefGroup = 3A54412E2BCDF10900385131 /* Products */;
			projectDirPath = "";
			projectReferences = (
				{
					ProductGroup = EC0816A62D4A692900F1AD02 /* Products */;
					ProjectRef = EC0816A12D4A692900F1AD02 /* Browser.xcodeproj */;
				},
				{
					ProductGroup = A57A09152CE511E7006F0CBB /* Products */;
					ProjectRef = 3A54420F2BCE1F2900385131 /* Davinci.xcodeproj */;
				},
				{
					ProductGroup = EC9F9FFA2D5F4EB200E2A31D /* Products */;
					ProjectRef = EC9F9FB62D5E157600E2A31D /* External-idp.xcodeproj */;
				},
				{
					ProductGroup = A57A08F52CE50D51006F0CBB /* Products */;
					ProjectRef = A588CFEA2BF69F1A00F9052A /* Logger.xcodeproj */;
				},
				{
					ProductGroup = A57A090D2CE51162006F0CBB /* Products */;
					ProjectRef = 3AB1CA1F2BD6F9AD003FCE3C /* Oidc.xcodeproj */;
				},
				{
					ProductGroup = A57A09052CE50FA5006F0CBB /* Products */;
					ProjectRef = 3A5442212BCE1F3800385131 /* Orchestrate.xcodeproj */;
				},
				{
					ProductGroup = A57A08FD2CE50EF1006F0CBB /* Products */;
					ProjectRef = A588CFF92BF69F3300F9052A /* Storage.xcodeproj */;
				},
			);
			projectRoot = "";
			targets = (
				3A54412C2BCDF10900385131 /* PingExample */,
				3A54413C2BCDF10B00385131 /* PingExampleTests */,
				3A5441462BCDF10B00385131 /* PingExampleUITests */,
			);
		};
/* End PBXProject section */

/* Begin PBXReferenceProxy section */
		A57A08FA2CE50D51006F0CBB /* PingLogger.framework */ = {
			isa = PBXReferenceProxy;
			fileType = wrapper.framework;
			path = PingLogger.framework;
			remoteRef = A57A08F92CE50D51006F0CBB /* PBXContainerItemProxy */;
			sourceTree = BUILT_PRODUCTS_DIR;
		};
		A57A08FC2CE50D51006F0CBB /* LoggerTests.xctest */ = {
			isa = PBXReferenceProxy;
			fileType = wrapper.cfbundle;
			path = LoggerTests.xctest;
			remoteRef = A57A08FB2CE50D51006F0CBB /* PBXContainerItemProxy */;
			sourceTree = BUILT_PRODUCTS_DIR;
		};
		A57A09022CE50EF1006F0CBB /* PingStorage.framework */ = {
			isa = PBXReferenceProxy;
			fileType = wrapper.framework;
			path = PingStorage.framework;
			remoteRef = A57A09012CE50EF1006F0CBB /* PBXContainerItemProxy */;
			sourceTree = BUILT_PRODUCTS_DIR;
		};
		A57A09042CE50EF1006F0CBB /* StorageTests.xctest */ = {
			isa = PBXReferenceProxy;
			fileType = wrapper.cfbundle;
			path = StorageTests.xctest;
			remoteRef = A57A09032CE50EF1006F0CBB /* PBXContainerItemProxy */;
			sourceTree = BUILT_PRODUCTS_DIR;
		};
		A57A090A2CE50FA5006F0CBB /* PingOrchestrate.framework */ = {
			isa = PBXReferenceProxy;
			fileType = wrapper.framework;
			path = PingOrchestrate.framework;
			remoteRef = A57A09092CE50FA5006F0CBB /* PBXContainerItemProxy */;
			sourceTree = BUILT_PRODUCTS_DIR;
		};
		A57A090C2CE50FA5006F0CBB /* OrchestrateTests.xctest */ = {
			isa = PBXReferenceProxy;
			fileType = wrapper.cfbundle;
			path = OrchestrateTests.xctest;
			remoteRef = A57A090B2CE50FA5006F0CBB /* PBXContainerItemProxy */;
			sourceTree = BUILT_PRODUCTS_DIR;
		};
		A57A09122CE51162006F0CBB /* PingOidc.framework */ = {
			isa = PBXReferenceProxy;
			fileType = wrapper.framework;
			path = PingOidc.framework;
			remoteRef = A57A09112CE51162006F0CBB /* PBXContainerItemProxy */;
			sourceTree = BUILT_PRODUCTS_DIR;
		};
		A57A09142CE51162006F0CBB /* OidcTests.xctest */ = {
			isa = PBXReferenceProxy;
			fileType = wrapper.cfbundle;
			path = OidcTests.xctest;
			remoteRef = A57A09132CE51162006F0CBB /* PBXContainerItemProxy */;
			sourceTree = BUILT_PRODUCTS_DIR;
		};
		A57A091A2CE511E7006F0CBB /* PingDavinci.framework */ = {
			isa = PBXReferenceProxy;
			fileType = wrapper.framework;
			path = PingDavinci.framework;
			remoteRef = A57A09192CE511E7006F0CBB /* PBXContainerItemProxy */;
			sourceTree = BUILT_PRODUCTS_DIR;
		};
		A57A091C2CE511E7006F0CBB /* DavinciTests.xctest */ = {
			isa = PBXReferenceProxy;
			fileType = wrapper.cfbundle;
			path = DavinciTests.xctest;
			remoteRef = A57A091B2CE511E7006F0CBB /* PBXContainerItemProxy */;
			sourceTree = BUILT_PRODUCTS_DIR;
		};
		EC0816AA2D4A692900F1AD02 /* PingBrowser.framework */ = {
			isa = PBXReferenceProxy;
			fileType = wrapper.framework;
			path = PingBrowser.framework;
			remoteRef = EC0816A92D4A692900F1AD02 /* PBXContainerItemProxy */;
			sourceTree = BUILT_PRODUCTS_DIR;
		};
		EC9FA0032D5F4EB300E2A31D /* PingExternal_idp.framework */ = {
			isa = PBXReferenceProxy;
			fileType = wrapper.framework;
			path = PingExternal_idp.framework;
			remoteRef = EC9FA0022D5F4EB300E2A31D /* PBXContainerItemProxy */;
			sourceTree = BUILT_PRODUCTS_DIR;
		};
		EC9FA0052D5F4EB300E2A31D /* PingExternal-idpTests.xctest */ = {
			isa = PBXReferenceProxy;
			fileType = wrapper.cfbundle;
			path = "PingExternal-idpTests.xctest";
			remoteRef = EC9FA0042D5F4EB300E2A31D /* PBXContainerItemProxy */;
			sourceTree = BUILT_PRODUCTS_DIR;
		};
		ECB7C6852D5A24B70006F1C8 /* PingBrowserTests.xctest */ = {
			isa = PBXReferenceProxy;
			fileType = wrapper.cfbundle;
			path = PingBrowserTests.xctest;
			remoteRef = ECB7C6842D5A24B70006F1C8 /* PBXContainerItemProxy */;
			sourceTree = BUILT_PRODUCTS_DIR;
		};
/* End PBXReferenceProxy section */

/* Begin PBXResourcesBuildPhase section */
		3A54412B2BCDF10900385131 /* Resources */ = {
			isa = PBXResourcesBuildPhase;
			buildActionMask = 2147483647;
			files = (
				3A5441382BCDF10B00385131 /* Preview Assets.xcassets in Resources */,
				3A5441352BCDF10B00385131 /* Assets.xcassets in Resources */,
			);
			runOnlyForDeploymentPostprocessing = 0;
		};
		3A54413B2BCDF10B00385131 /* Resources */ = {
			isa = PBXResourcesBuildPhase;
			buildActionMask = 2147483647;
			files = (
			);
			runOnlyForDeploymentPostprocessing = 0;
		};
		3A5441452BCDF10B00385131 /* Resources */ = {
			isa = PBXResourcesBuildPhase;
			buildActionMask = 2147483647;
			files = (
			);
			runOnlyForDeploymentPostprocessing = 0;
		};
/* End PBXResourcesBuildPhase section */

/* Begin PBXSourcesBuildPhase section */
		3A5441292BCDF10900385131 /* Sources */ = {
			isa = PBXSourcesBuildPhase;
			buildActionMask = 2147483647;
			files = (
				A5E9AECE2D3037BE000533ED /* AccessTokenViewModel.swift in Sources */,
				A588D0072BF6A0E500F9052A /* LoggerViewModel.swift in Sources */,
				3ACD90E12BE586BC00DABCE6 /* DavinciViewModel.swift in Sources */,
				A588D0062BF6A0E500F9052A /* StorageViewModel.swift in Sources */,
				A5E9AED62D30393F000533ED /* LoggerView.swift in Sources */,
				A5EFA97B2D35F6D700F771FE /* DropdownView.swift in Sources */,
				A5E9AECC2D303428000533ED /* LogOutView.swift in Sources */,
				A5E9AEE32D318524000533ED /* FlowButtonView.swift in Sources */,
				3A8532332BE2D5D800F8619D /* DavinciView.swift in Sources */,
				A5EFA9812D360ACC00F771FE /* ContinueNodeView.swift in Sources */,
				EC92B3882DA02D7400E4246D /* DeviceAuthenticationView.swift in Sources */,
				EC0816C32D4A83E200F1AD02 /* ConfigurationManager.swift in Sources */,
				EC0816BF2D4A832C00F1AD02 /* ConfigurationView.swift in Sources */,
				3A5441332BCDF10900385131 /* ContentView.swift in Sources */,
				A5EFA9792D35F62E00F771FE /* RadioButtonView.swift in Sources */,
				A5E9AED42D30385D000533ED /* LogOutViewModel.swift in Sources */,
				A5E9AEDD2D30A22A000533ED /* TextView.swift in Sources */,
				EC0816C12D4A833400F1AD02 /* ConfigurationViewModel.swift in Sources */,
				A5EFA9772D35F2FA00F771FE /* CheckBoxView.swift in Sources */,
				A5E9AEDF2D30CA34000533ED /* ErrorMessageView.swift in Sources */,
				A5E9AED22D30380B000533ED /* UserInfoViewModel.swift in Sources */,
				A5EFA97D2D35F78800F771FE /* ComboBoxView.swift in Sources */,
				A5A5F80A2D4C644E0053BF24 /* ErrorView.swift in Sources */,
				A5E9AEE12D30D304000533ED /* SubmitButtonView.swift in Sources */,
				3A8092F42BE99F0F00AD667F /* CustomViews.swift in Sources */,
				A5EFA97F2D35F88D00F771FE /* PasswordView.swift in Sources */,
				A5E9AED02D3037E0000533ED /* UserInfoView.swift in Sources */,
				EC92B38C2DA039C000E4246D /* AsyncSVGImage.swift in Sources */,
				ECBF06A42D5391690066A3BD /* SocialButtonView.swift in Sources */,
				A5E9AED82D303962000533ED /* StorageView.swift in Sources */,
				EC92B3932DA0422700E4246D /* DeviceCardView.swift in Sources */,
				EC92B38A2DA02D7F00E4246D /* DeviceRegistrationView.swift in Sources */,
				3A3709962BEB038200AA7B51 /* AccessTokenView.swift in Sources */,
				A5E9AEDB2D30A020000533ED /* LabelView.swift in Sources */,
			);
			runOnlyForDeploymentPostprocessing = 0;
		};
		3A5441392BCDF10B00385131 /* Sources */ = {
			isa = PBXSourcesBuildPhase;
			buildActionMask = 2147483647;
			files = (
				3A5441422BCDF10B00385131 /* PingExampleTests.swift in Sources */,
			);
			runOnlyForDeploymentPostprocessing = 0;
		};
		3A5441432BCDF10B00385131 /* Sources */ = {
			isa = PBXSourcesBuildPhase;
			buildActionMask = 2147483647;
			files = (
				3A54414C2BCDF10B00385131 /* PingExampleUITests.swift in Sources */,
				3A54414E2BCDF10B00385131 /* PingExampleUITestsLaunchTests.swift in Sources */,
			);
			runOnlyForDeploymentPostprocessing = 0;
		};
/* End PBXSourcesBuildPhase section */

/* Begin PBXTargetDependency section */
		3A54413F2BCDF10B00385131 /* PBXTargetDependency */ = {
			isa = PBXTargetDependency;
			target = 3A54412C2BCDF10900385131 /* PingExample */;
			targetProxy = 3A54413E2BCDF10B00385131 /* PBXContainerItemProxy */;
		};
		3A5441492BCDF10B00385131 /* PBXTargetDependency */ = {
			isa = PBXTargetDependency;
			target = 3A54412C2BCDF10900385131 /* PingExample */;
			targetProxy = 3A5441482BCDF10B00385131 /* PBXContainerItemProxy */;
		};
/* End PBXTargetDependency section */

/* Begin XCBuildConfiguration section */
		3A54414F2BCDF10B00385131 /* Debug */ = {
			isa = XCBuildConfiguration;
			buildSettings = {
				ALWAYS_SEARCH_USER_PATHS = NO;
				ASSETCATALOG_COMPILER_GENERATE_SWIFT_ASSET_SYMBOL_EXTENSIONS = YES;
				CLANG_ANALYZER_NONNULL = YES;
				CLANG_ANALYZER_NUMBER_OBJECT_CONVERSION = YES_AGGRESSIVE;
				CLANG_CXX_LANGUAGE_STANDARD = "gnu++20";
				CLANG_ENABLE_MODULES = YES;
				CLANG_ENABLE_OBJC_ARC = YES;
				CLANG_ENABLE_OBJC_WEAK = YES;
				CLANG_WARN_BLOCK_CAPTURE_AUTORELEASING = YES;
				CLANG_WARN_BOOL_CONVERSION = YES;
				CLANG_WARN_COMMA = YES;
				CLANG_WARN_CONSTANT_CONVERSION = YES;
				CLANG_WARN_DEPRECATED_OBJC_IMPLEMENTATIONS = YES;
				CLANG_WARN_DIRECT_OBJC_ISA_USAGE = YES_ERROR;
				CLANG_WARN_DOCUMENTATION_COMMENTS = YES;
				CLANG_WARN_EMPTY_BODY = YES;
				CLANG_WARN_ENUM_CONVERSION = YES;
				CLANG_WARN_INFINITE_RECURSION = YES;
				CLANG_WARN_INT_CONVERSION = YES;
				CLANG_WARN_NON_LITERAL_NULL_CONVERSION = YES;
				CLANG_WARN_OBJC_IMPLICIT_RETAIN_SELF = YES;
				CLANG_WARN_OBJC_LITERAL_CONVERSION = YES;
				CLANG_WARN_OBJC_ROOT_CLASS = YES_ERROR;
				CLANG_WARN_QUOTED_INCLUDE_IN_FRAMEWORK_HEADER = YES;
				CLANG_WARN_RANGE_LOOP_ANALYSIS = YES;
				CLANG_WARN_STRICT_PROTOTYPES = YES;
				CLANG_WARN_SUSPICIOUS_MOVE = YES;
				CLANG_WARN_UNGUARDED_AVAILABILITY = YES_AGGRESSIVE;
				CLANG_WARN_UNREACHABLE_CODE = YES;
				CLANG_WARN__DUPLICATE_METHOD_MATCH = YES;
				COPY_PHASE_STRIP = NO;
				DEBUG_INFORMATION_FORMAT = dwarf;
				ENABLE_STRICT_OBJC_MSGSEND = YES;
				ENABLE_TESTABILITY = YES;
				ENABLE_USER_SCRIPT_SANDBOXING = YES;
				GCC_C_LANGUAGE_STANDARD = gnu17;
				GCC_DYNAMIC_NO_PIC = NO;
				GCC_NO_COMMON_BLOCKS = YES;
				GCC_OPTIMIZATION_LEVEL = 0;
				GCC_PREPROCESSOR_DEFINITIONS = (
					"DEBUG=1",
					"$(inherited)",
				);
				GCC_WARN_64_TO_32_BIT_CONVERSION = YES;
				GCC_WARN_ABOUT_RETURN_TYPE = YES_ERROR;
				GCC_WARN_UNDECLARED_SELECTOR = YES;
				GCC_WARN_UNINITIALIZED_AUTOS = YES_AGGRESSIVE;
				GCC_WARN_UNUSED_FUNCTION = YES;
				GCC_WARN_UNUSED_VARIABLE = YES;
				IPHONEOS_DEPLOYMENT_TARGET = 16.0;
				LOCALIZATION_PREFERS_STRING_CATALOGS = YES;
				MTL_ENABLE_DEBUG_INFO = INCLUDE_SOURCE;
				MTL_FAST_MATH = YES;
				ONLY_ACTIVE_ARCH = YES;
				OTHER_SWIFT_FLAGS = "";
				SDKROOT = iphoneos;
				SWIFT_ACTIVE_COMPILATION_CONDITIONS = "DEBUG $(inherited)";
				SWIFT_OPTIMIZATION_LEVEL = "-Onone";
				SWIFT_STRICT_CONCURRENCY = complete;
				SWIFT_VERSION = 6.0;
			};
			name = Debug;
		};
		3A5441502BCDF10B00385131 /* Release */ = {
			isa = XCBuildConfiguration;
			buildSettings = {
				ALWAYS_SEARCH_USER_PATHS = NO;
				ASSETCATALOG_COMPILER_GENERATE_SWIFT_ASSET_SYMBOL_EXTENSIONS = YES;
				CLANG_ANALYZER_NONNULL = YES;
				CLANG_ANALYZER_NUMBER_OBJECT_CONVERSION = YES_AGGRESSIVE;
				CLANG_CXX_LANGUAGE_STANDARD = "gnu++20";
				CLANG_ENABLE_MODULES = YES;
				CLANG_ENABLE_OBJC_ARC = YES;
				CLANG_ENABLE_OBJC_WEAK = YES;
				CLANG_WARN_BLOCK_CAPTURE_AUTORELEASING = YES;
				CLANG_WARN_BOOL_CONVERSION = YES;
				CLANG_WARN_COMMA = YES;
				CLANG_WARN_CONSTANT_CONVERSION = YES;
				CLANG_WARN_DEPRECATED_OBJC_IMPLEMENTATIONS = YES;
				CLANG_WARN_DIRECT_OBJC_ISA_USAGE = YES_ERROR;
				CLANG_WARN_DOCUMENTATION_COMMENTS = YES;
				CLANG_WARN_EMPTY_BODY = YES;
				CLANG_WARN_ENUM_CONVERSION = YES;
				CLANG_WARN_INFINITE_RECURSION = YES;
				CLANG_WARN_INT_CONVERSION = YES;
				CLANG_WARN_NON_LITERAL_NULL_CONVERSION = YES;
				CLANG_WARN_OBJC_IMPLICIT_RETAIN_SELF = YES;
				CLANG_WARN_OBJC_LITERAL_CONVERSION = YES;
				CLANG_WARN_OBJC_ROOT_CLASS = YES_ERROR;
				CLANG_WARN_QUOTED_INCLUDE_IN_FRAMEWORK_HEADER = YES;
				CLANG_WARN_RANGE_LOOP_ANALYSIS = YES;
				CLANG_WARN_STRICT_PROTOTYPES = YES;
				CLANG_WARN_SUSPICIOUS_MOVE = YES;
				CLANG_WARN_UNGUARDED_AVAILABILITY = YES_AGGRESSIVE;
				CLANG_WARN_UNREACHABLE_CODE = YES;
				CLANG_WARN__DUPLICATE_METHOD_MATCH = YES;
				COPY_PHASE_STRIP = NO;
				DEBUG_INFORMATION_FORMAT = "dwarf-with-dsym";
				ENABLE_NS_ASSERTIONS = NO;
				ENABLE_STRICT_OBJC_MSGSEND = YES;
				ENABLE_USER_SCRIPT_SANDBOXING = YES;
				GCC_C_LANGUAGE_STANDARD = gnu17;
				GCC_NO_COMMON_BLOCKS = YES;
				GCC_WARN_64_TO_32_BIT_CONVERSION = YES;
				GCC_WARN_ABOUT_RETURN_TYPE = YES_ERROR;
				GCC_WARN_UNDECLARED_SELECTOR = YES;
				GCC_WARN_UNINITIALIZED_AUTOS = YES_AGGRESSIVE;
				GCC_WARN_UNUSED_FUNCTION = YES;
				GCC_WARN_UNUSED_VARIABLE = YES;
				IPHONEOS_DEPLOYMENT_TARGET = 16.0;
				LOCALIZATION_PREFERS_STRING_CATALOGS = YES;
				MTL_ENABLE_DEBUG_INFO = NO;
				MTL_FAST_MATH = YES;
				OTHER_SWIFT_FLAGS = "";
				SDKROOT = iphoneos;
				SWIFT_COMPILATION_MODE = wholemodule;
				SWIFT_STRICT_CONCURRENCY = complete;
				SWIFT_VERSION = 6.0;
				VALIDATE_PRODUCT = YES;
			};
			name = Release;
		};
		3A5441522BCDF10B00385131 /* Debug */ = {
			isa = XCBuildConfiguration;
			buildSettings = {
				ASSETCATALOG_COMPILER_APPICON_NAME = AppIcon;
				ASSETCATALOG_COMPILER_GLOBAL_ACCENT_COLOR_NAME = AccentColor;
				CODE_SIGN_ENTITLEMENTS = PingExample/PingExample.entitlements;
				CODE_SIGN_STYLE = Automatic;
				CURRENT_PROJECT_VERSION = 1;
				DEVELOPMENT_ASSET_PATHS = "\"PingExample/Preview Content\"";
				DEVELOPMENT_TEAM = 9QSE66762D;
				ENABLE_PREVIEWS = YES;
				GENERATE_INFOPLIST_FILE = YES;
				INFOPLIST_FILE = PingExample/Info.plist;
				INFOPLIST_KEY_CFBundleDisplayName = Davinci;
				INFOPLIST_KEY_UIApplicationSceneManifest_Generation = YES;
				INFOPLIST_KEY_UIApplicationSupportsIndirectInputEvents = YES;
				INFOPLIST_KEY_UILaunchScreen_Generation = YES;
				INFOPLIST_KEY_UISupportedInterfaceOrientations = UIInterfaceOrientationPortrait;
				INFOPLIST_KEY_UISupportedInterfaceOrientations_iPad = "UIInterfaceOrientationLandscapeLeft UIInterfaceOrientationLandscapeRight UIInterfaceOrientationPortrait UIInterfaceOrientationPortraitUpsideDown";
				IPHONEOS_DEPLOYMENT_TARGET = 16.0;
				LD_RUNPATH_SEARCH_PATHS = (
					"$(inherited)",
					"@executable_path/Frameworks",
				);
				MARKETING_VERSION = 1.1.0;
				PRODUCT_BUNDLE_IDENTIFIER = com.pingidentity.PingExample;
				PRODUCT_NAME = "$(TARGET_NAME)";
				SWIFT_EMIT_LOC_STRINGS = YES;
				SWIFT_VERSION = 6.0;
				TARGETED_DEVICE_FAMILY = "1,2";
			};
			name = Debug;
		};
		3A5441532BCDF10B00385131 /* Release */ = {
			isa = XCBuildConfiguration;
			buildSettings = {
				ASSETCATALOG_COMPILER_APPICON_NAME = AppIcon;
				ASSETCATALOG_COMPILER_GLOBAL_ACCENT_COLOR_NAME = AccentColor;
				CODE_SIGN_ENTITLEMENTS = PingExample/PingExample.entitlements;
				CODE_SIGN_STYLE = Automatic;
				CURRENT_PROJECT_VERSION = 1;
				DEVELOPMENT_ASSET_PATHS = "\"PingExample/Preview Content\"";
				DEVELOPMENT_TEAM = 9QSE66762D;
				ENABLE_PREVIEWS = YES;
				GENERATE_INFOPLIST_FILE = YES;
				INFOPLIST_FILE = PingExample/Info.plist;
				INFOPLIST_KEY_CFBundleDisplayName = Davinci;
				INFOPLIST_KEY_UIApplicationSceneManifest_Generation = YES;
				INFOPLIST_KEY_UIApplicationSupportsIndirectInputEvents = YES;
				INFOPLIST_KEY_UILaunchScreen_Generation = YES;
				INFOPLIST_KEY_UISupportedInterfaceOrientations = UIInterfaceOrientationPortrait;
				INFOPLIST_KEY_UISupportedInterfaceOrientations_iPad = "UIInterfaceOrientationLandscapeLeft UIInterfaceOrientationLandscapeRight UIInterfaceOrientationPortrait UIInterfaceOrientationPortraitUpsideDown";
				IPHONEOS_DEPLOYMENT_TARGET = 16.0;
				LD_RUNPATH_SEARCH_PATHS = (
					"$(inherited)",
					"@executable_path/Frameworks",
				);
				MARKETING_VERSION = 1.1.0;
				PRODUCT_BUNDLE_IDENTIFIER = com.pingidentity.PingExample;
				PRODUCT_NAME = "$(TARGET_NAME)";
				SWIFT_EMIT_LOC_STRINGS = YES;
				SWIFT_VERSION = 6.0;
				TARGETED_DEVICE_FAMILY = "1,2";
			};
			name = Release;
		};
		3A5441552BCDF10B00385131 /* Debug */ = {
			isa = XCBuildConfiguration;
			buildSettings = {
				ALWAYS_EMBED_SWIFT_STANDARD_LIBRARIES = YES;
				BUNDLE_LOADER = "$(TEST_HOST)";
				CODE_SIGN_STYLE = Automatic;
				CURRENT_PROJECT_VERSION = 1;
				DEVELOPMENT_TEAM = 9QSE66762D;
				GENERATE_INFOPLIST_FILE = YES;
				IPHONEOS_DEPLOYMENT_TARGET = 17.0;
				MARKETING_VERSION = 1.1.0;
				PRODUCT_BUNDLE_IDENTIFIER = com.pingidentity.PingExampleTests;
				PRODUCT_NAME = "$(TARGET_NAME)";
				SWIFT_EMIT_LOC_STRINGS = NO;
				SWIFT_VERSION = 5.0;
				TARGETED_DEVICE_FAMILY = "1,2";
				TEST_HOST = "$(BUILT_PRODUCTS_DIR)/PingExample.app/$(BUNDLE_EXECUTABLE_FOLDER_PATH)/PingExample";
			};
			name = Debug;
		};
		3A5441562BCDF10B00385131 /* Release */ = {
			isa = XCBuildConfiguration;
			buildSettings = {
				ALWAYS_EMBED_SWIFT_STANDARD_LIBRARIES = YES;
				BUNDLE_LOADER = "$(TEST_HOST)";
				CODE_SIGN_STYLE = Automatic;
				CURRENT_PROJECT_VERSION = 1;
				DEVELOPMENT_TEAM = 9QSE66762D;
				GENERATE_INFOPLIST_FILE = YES;
				IPHONEOS_DEPLOYMENT_TARGET = 17.0;
				MARKETING_VERSION = 1.1.0;
				PRODUCT_BUNDLE_IDENTIFIER = com.pingidentity.PingExampleTests;
				PRODUCT_NAME = "$(TARGET_NAME)";
				SWIFT_EMIT_LOC_STRINGS = NO;
				SWIFT_VERSION = 5.0;
				TARGETED_DEVICE_FAMILY = "1,2";
				TEST_HOST = "$(BUILT_PRODUCTS_DIR)/PingExample.app/$(BUNDLE_EXECUTABLE_FOLDER_PATH)/PingExample";
			};
			name = Release;
		};
		3A5441582BCDF10B00385131 /* Debug */ = {
			isa = XCBuildConfiguration;
			buildSettings = {
				ALWAYS_EMBED_SWIFT_STANDARD_LIBRARIES = YES;
				CODE_SIGN_STYLE = Automatic;
				CURRENT_PROJECT_VERSION = 1;
				DEVELOPMENT_TEAM = 9QSE66762D;
				GENERATE_INFOPLIST_FILE = YES;
				MARKETING_VERSION = 1.1.0;
				PRODUCT_BUNDLE_IDENTIFIER = com.pingidentity.PingExampleUITests;
				PRODUCT_NAME = "$(TARGET_NAME)";
				SWIFT_EMIT_LOC_STRINGS = NO;
				SWIFT_VERSION = 5.0;
				TARGETED_DEVICE_FAMILY = "1,2";
				TEST_TARGET_NAME = PingExample;
			};
			name = Debug;
		};
		3A5441592BCDF10B00385131 /* Release */ = {
			isa = XCBuildConfiguration;
			buildSettings = {
				ALWAYS_EMBED_SWIFT_STANDARD_LIBRARIES = YES;
				CODE_SIGN_STYLE = Automatic;
				CURRENT_PROJECT_VERSION = 1;
				DEVELOPMENT_TEAM = 9QSE66762D;
				GENERATE_INFOPLIST_FILE = YES;
				MARKETING_VERSION = 1.1.0;
				PRODUCT_BUNDLE_IDENTIFIER = com.pingidentity.PingExampleUITests;
				PRODUCT_NAME = "$(TARGET_NAME)";
				SWIFT_EMIT_LOC_STRINGS = NO;
				SWIFT_VERSION = 5.0;
				TARGETED_DEVICE_FAMILY = "1,2";
				TEST_TARGET_NAME = PingExample;
			};
			name = Release;
		};
/* End XCBuildConfiguration section */

/* Begin XCConfigurationList section */
		3A5441282BCDF10900385131 /* Build configuration list for PBXProject "PingExample" */ = {
			isa = XCConfigurationList;
			buildConfigurations = (
				3A54414F2BCDF10B00385131 /* Debug */,
				3A5441502BCDF10B00385131 /* Release */,
			);
			defaultConfigurationIsVisible = 0;
			defaultConfigurationName = Release;
		};
		3A5441512BCDF10B00385131 /* Build configuration list for PBXNativeTarget "PingExample" */ = {
			isa = XCConfigurationList;
			buildConfigurations = (
				3A5441522BCDF10B00385131 /* Debug */,
				3A5441532BCDF10B00385131 /* Release */,
			);
			defaultConfigurationIsVisible = 0;
			defaultConfigurationName = Release;
		};
		3A5441542BCDF10B00385131 /* Build configuration list for PBXNativeTarget "PingExampleTests" */ = {
			isa = XCConfigurationList;
			buildConfigurations = (
				3A5441552BCDF10B00385131 /* Debug */,
				3A5441562BCDF10B00385131 /* Release */,
			);
			defaultConfigurationIsVisible = 0;
			defaultConfigurationName = Release;
		};
		3A5441572BCDF10B00385131 /* Build configuration list for PBXNativeTarget "PingExampleUITests" */ = {
			isa = XCConfigurationList;
			buildConfigurations = (
				3A5441582BCDF10B00385131 /* Debug */,
				3A5441592BCDF10B00385131 /* Release */,
			);
			defaultConfigurationIsVisible = 0;
			defaultConfigurationName = Release;
		};
/* End XCConfigurationList section */

/* Begin XCRemoteSwiftPackageReference section */
		EC92B38D2DA03E0700E4246D /* XCRemoteSwiftPackageReference "SVGKit" */ = {
			isa = XCRemoteSwiftPackageReference;
			repositoryURL = "https://github.com/SVGKit/SVGKit";
			requirement = {
				kind = upToNextMajorVersion;
				minimumVersion = 3.0.0;
			};
		};
/* End XCRemoteSwiftPackageReference section */

/* Begin XCSwiftPackageProductDependency section */
		EC92B38E2DA03E0700E4246D /* SVGKit */ = {
			isa = XCSwiftPackageProductDependency;
			package = EC92B38D2DA03E0700E4246D /* XCRemoteSwiftPackageReference "SVGKit" */;
			productName = SVGKit;
		};
		EC92B3902DA03E0700E4246D /* SVGKitSwift */ = {
			isa = XCSwiftPackageProductDependency;
			package = EC92B38D2DA03E0700E4246D /* XCRemoteSwiftPackageReference "SVGKit" */;
			productName = SVGKitSwift;
		};
/* End XCSwiftPackageProductDependency section */
	};
	rootObject = 3A5441252BCDF10900385131 /* Project object */;
}
